
Microsoft Visual Studio Solution File, Format Version 12.00
# Visual Studio Version 17
VisualStudioVersion = 17.3.32901.215
MinimumVisualStudioVersion = 10.0.40219.1
Project("{FAE04EC0-301F-11D3-BF4B-00C04F79EFBC}") = "CourseWork_2022_STEP", "CourseWork_2022_STEP\CourseWork_2022_STEP.csproj", "{D953AD12-DA36-4DC8-B886-33E9E910E177}"
EndProject
Project("{FAE04EC0-301F-11D3-BF4B-00C04F79EFBC}") = "ShopLibrary", "ShopLibrary\ShopLibrary.csproj", "{891AFD7E-20CA-42B6-BC72-4D3507361DA8}"
EndProject
Global
	GlobalSection(SolutionConfigurationPlatforms) = preSolution
		Debug|Any CPU = Debug|Any CPU
		Release|Any CPU = Release|Any CPU
	EndGlobalSection
	GlobalSection(ProjectConfigurationPlatforms) = postSolution
		{D953AD12-DA36-4DC8-B886-33E9E910E177}.Debug|Any CPU.ActiveCfg = Debug|Any CPU
		{D953AD12-DA36-4DC8-B886-33E9E910E177}.Debug|Any CPU.Build.0 = Debug|Any CPU
		{D953AD12-DA36-4DC8-B886-33E9E910E177}.Release|Any CPU.ActiveCfg = Release|Any CPU
		{D953AD12-DA36-4DC8-B886-33E9E910E177}.Release|Any CPU.Build.0 = Release|Any CPU
		{891AFD7E-20CA-42B6-BC72-4D3507361DA8}.Debug|Any CPU.ActiveCfg = Debug|Any CPU
		{891AFD7E-20CA-42B6-BC72-4D3507361DA8}.Debug|Any CPU.Build.0 = Debug|Any CPU
		{891AFD7E-20CA-42B6-BC72-4D3507361DA8}.Release|Any CPU.ActiveCfg = Release|Any CPU
		{891AFD7E-20CA-42B6-BC72-4D3507361DA8}.Release|Any CPU.Build.0 = Release|Any CPU
	EndGlobalSection
	GlobalSection(SolutionProperties) = preSolution
		HideSolutionNode = FALSE
	EndGlobalSection
	GlobalSection(ExtensibilityGlobals) = postSolution
		SolutionGuid = {0C0DA040-FEDD-4822-8DDF-167F92B43BF9}
	EndGlobalSection
EndGlobal
